// !$*UTF8*$!
{
	archiveVersion = 1;
	classes = {
	};
	objectVersion = 48;
	objects = {

/* Begin PBXBuildFile section */
		9753C6A5201A50D10065AE75 /* AppDelegate.swift in Sources */ = {isa = PBXBuildFile; fileRef = 9753C6A4201A50D10065AE75 /* AppDelegate.swift */; };
		9753C6A7201A50D10065AE75 /* ViewController.swift in Sources */ = {isa = PBXBuildFile; fileRef = 9753C6A6201A50D10065AE75 /* ViewController.swift */; };
		9753C6AA201A50D10065AE75 /* Main.storyboard in Resources */ = {isa = PBXBuildFile; fileRef = 9753C6A8201A50D10065AE75 /* Main.storyboard */; };
		9753C6AC201A50D10065AE75 /* Assets.xcassets in Resources */ = {isa = PBXBuildFile; fileRef = 9753C6AB201A50D10065AE75 /* Assets.xcassets */; };
		9753C6AF201A50D10065AE75 /* LaunchScreen.storyboard in Resources */ = {isa = PBXBuildFile; fileRef = 9753C6AD201A50D10065AE75 /* LaunchScreen.storyboard */; };
		9753C6B7201A7A6E0065AE75 /* LayoutGuides.storyboard in Resources */ = {isa = PBXBuildFile; fileRef = 9753C6B6201A7A6E0065AE75 /* LayoutGuides.storyboard */; };
		9753C6B9201A8B490065AE75 /* Inequalities.storyboard in Resources */ = {isa = PBXBuildFile; fileRef = 9753C6B8201A8B490065AE75 /* Inequalities.storyboard */; };
		9753C6BB201A91770065AE75 /* IntrinsicContentSize.storyboard in Resources */ = {isa = PBXBuildFile; fileRef = 9753C6BA201A91770065AE75 /* IntrinsicContentSize.storyboard */; };
/* End PBXBuildFile section */

/* Begin PBXFileReference section */
		9753C6A1201A50D10065AE75 /* AutoLayoutBasics.app */ = {isa = PBXFileReference; explicitFileType = wrapper.application; includeInIndex = 0; path = AutoLayoutBasics.app; sourceTree = BUILT_PRODUCTS_DIR; };
		9753C6A4201A50D10065AE75 /* AppDelegate.swift */ = {isa = PBXFileReference; lastKnownFileType = sourcecode.swift; path = AppDelegate.swift; sourceTree = "<group>"; };
		9753C6A6201A50D10065AE75 /* ViewController.swift */ = {isa = PBXFileReference; lastKnownFileType = sourcecode.swift; path = ViewController.swift; sourceTree = "<group>"; };
		9753C6A9201A50D10065AE75 /* Base */ = {isa = PBXFileReference; lastKnownFileType = file.storyboard; name = Base; path = Base.lproj/Main.storyboard; sourceTree = "<group>"; };
		9753C6AB201A50D10065AE75 /* Assets.xcassets */ = {isa = PBXFileReference; lastKnownFileType = folder.assetcatalog; path = Assets.xcassets; sourceTree = "<group>"; };
		9753C6AE201A50D10065AE75 /* Base */ = {isa = PBXFileReference; lastKnownFileType = file.storyboard; name = Base; path = Base.lproj/LaunchScreen.storyboard; sourceTree = "<group>"; };
		9753C6B0201A50D10065AE75 /* Info.plist */ = {isa = PBXFileReference; lastKnownFileType = text.plist.xml; path = Info.plist; sourceTree = "<group>"; };
		9753C6B6201A7A6E0065AE75 /* LayoutGuides.storyboard */ = {isa = PBXFileReference; lastKnownFileType = file.storyboard; path = LayoutGuides.storyboard; sourceTree = "<group>"; };
		9753C6B8201A8B490065AE75 /* Inequalities.storyboard */ = {isa = PBXFileReference; lastKnownFileType = file.storyboard; path = Inequalities.storyboard; sourceTree = "<group>"; };
		9753C6BA201A91770065AE75 /* IntrinsicContentSize.storyboard */ = {isa = PBXFileReference; lastKnownFileType = file.storyboard; path = IntrinsicContentSize.storyboard; sourceTree = "<group>"; };
/* End PBXFileReference section */

/* Begin PBXFrameworksBuildPhase section */
		9753C69E201A50D10065AE75 /* Frameworks */ = {
			isa = PBXFrameworksBuildPhase;
			buildActionMask = 2147483647;
			files = (
			);
			runOnlyForDeploymentPostprocessing = 0;
		};
/* End PBXFrameworksBuildPhase section */

/* Begin PBXGroup section */
		9753C698201A50D10065AE75 = {
			isa = PBXGroup;
			children = (
				9753C6A3201A50D10065AE75 /* AutoLayoutBasics */,
				9753C6A2201A50D10065AE75 /* Products */,
			);
			sourceTree = "<group>";
		};
		9753C6A2201A50D10065AE75 /* Products */ = {
			isa = PBXGroup;
			children = (
				9753C6A1201A50D10065AE75 /* AutoLayoutBasics.app */,
			);
			name = Products;
			sourceTree = "<group>";
		};
		9753C6A3201A50D10065AE75 /* AutoLayoutBasics */ = {
			isa = PBXGroup;
			children = (
				9753C6A4201A50D10065AE75 /* AppDelegate.swift */,
				9753C6A6201A50D10065AE75 /* ViewController.swift */,
				9753C6A8201A50D10065AE75 /* Main.storyboard */,
				9753C6AB201A50D10065AE75 /* Assets.xcassets */,
				9753C6AD201A50D10065AE75 /* LaunchScreen.storyboard */,
				9753C6B0201A50D10065AE75 /* Info.plist */,
				9753C6B6201A7A6E0065AE75 /* LayoutGuides.storyboard */,
				9753C6B8201A8B490065AE75 /* Inequalities.storyboard */,
				9753C6BA201A91770065AE75 /* IntrinsicContentSize.storyboard */,
			);
			path = AutoLayoutBasics;
			sourceTree = "<group>";
		};
/* End PBXGroup section */

/* Begin PBXNativeTarget section */
		9753C6A0201A50D10065AE75 /* AutoLayoutBasics */ = {
			isa = PBXNativeTarget;
			buildConfigurationList = 9753C6B3201A50D10065AE75 /* Build configuration list for PBXNativeTarget "AutoLayoutBasics" */;
			buildPhases = (
				9753C69D201A50D10065AE75 /* Sources */,
				9753C69E201A50D10065AE75 /* Frameworks */,
				9753C69F201A50D10065AE75 /* Resources */,
			);
			buildRules = (
			);
			dependencies = (
			);
			name = AutoLayoutBasics;
			productName = AutoLayoutBasics;
			productReference = 9753C6A1201A50D10065AE75 /* AutoLayoutBasics.app */;
			productType = "com.apple.product-type.application";
		};
/* End PBXNativeTarget section */

/* Begin PBXProject section */
		9753C699201A50D10065AE75 /* Project object */ = {
			isa = PBXProject;
			attributes = {
				LastSwiftUpdateCheck = 0920;
				LastUpgradeCheck = 0920;
				ORGANIZATIONNAME = Treehouse;
				TargetAttributes = {
					9753C6A0201A50D10065AE75 = {
						CreatedOnToolsVersion = 9.2;
						ProvisioningStyle = Automatic;
					};
				};
			};
			buildConfigurationList = 9753C69C201A50D10065AE75 /* Build configuration list for PBXProject "AutoLayoutBasics" */;
			compatibilityVersion = "Xcode 8.0";
			developmentRegion = en;
			hasScannedForEncodings = 0;
			knownRegions = (
				en,
				Base,
			);
			mainGroup = 9753C698201A50D10065AE75;
			productRefGroup = 9753C6A2201A50D10065AE75 /* Products */;
			projectDirPath = "";
			projectRoot = "";
			targets = (
				9753C6A0201A50D10065AE75 /* AutoLayoutBasics */,
			);
		};
/* End PBXProject section */

/* Begin PBXResourcesBuildPhase section */
		9753C69F201A50D10065AE75 /* Resources */ = {
			isa = PBXResourcesBuildPhase;
			buildActionMask = 2147483647;
			files = (
				9753C6AF201A50D10065AE75 /* LaunchScreen.storyboard in Resources */,
				9753C6BB201A91770065AE75 /* IntrinsicContentSize.storyboard in Resources */,
				9753C6B7201A7A6E0065AE75 /* LayoutGuides.storyboard in Resources */,
				9753C6AC201A50D10065AE75 /* Assets.xcassets in Resources */,
				9753C6AA201A50D10065AE75 /* Main.storyboard in Resources */,
				9753C6B9201A8B490065AE75 /* Inequalities.storyboard in Resources */,
			);
			runOnlyForDeploymentPostprocessing = 0;
		};
/* End PBXResourcesBuildPhase section */

/* Begin PBXSourcesBuildPhase section */
		9753C69D201A50D10065AE75 /* Sources */ = {
			isa = PBXSourcesBuildPhase;
			buildActionMask = 2147483647;
			files = (
				9753C6A7201A50D10065AE75 /* ViewController.swift in Sources */,
				9753C6A5201A50D10065AE75 /* AppDelegate.swift in Sources */,
			);
			runOnlyForDeploymentPostprocessing = 0;
		};
/* End PBXSourcesBuildPhase section */

/* Begin PBXVariantGroup section */
		9753C6A8201A50D10065AE75 /* Main.storyboard */ = {
			isa = PBXVariantGroup;
			children = (
				9753C6A9201A50D10065AE75 /* Base */,
			);
			name = Main.storyboard;
			sourceTree = "<group>";
		};
		9753C6AD201A50D10065AE75 /* LaunchScreen.storyboard */ = {
			isa = PBXVariantGroup;
			children = (
				9753C6AE201A50D10065AE75 /* Base */,
			);
			name = LaunchScreen.storyboard;
			sourceTree = "<group>";
		};
/* End PBXVariantGroup section */

/* Begin XCBuildConfiguration section */
		9753C6B1201A50D10065AE75 /* Debug */ = {
			isa = XCBuildConfiguration;
			buildSettings = {
				ALWAYS_SEARCH_USER_PATHS = NO;
				CLANG_ANALYZER_NONNULL = YES;
				CLANG_ANALYZER_NUMBER_OBJECT_CONVERSION = YES_AGGRESSIVE;
				CLANG_CXX_LANGUAGE_STANDARD = "gnu++14";
				CLANG_CXX_LIBRARY = "libc++";
				CLANG_ENABLE_MODULES = YES;
				CLANG_ENABLE_OBJC_ARC = YES;
				CLANG_WARN_BLOCK_CAPTURE_AUTORELEASING = YES;
				CLANG_WARN_BOOL_CONVERSION = YES;
				CLANG_WARN_COMMA = YES;
				CLANG_WARN_CONSTANT_CONVERSION = YES;
				CLANG_WARN_DIRECT_OBJC_ISA_USAGE = YES_ERROR;
				CLANG_WARN_DOCUMENTATION_COMMENTS = YES;
				CLANG_WARN_EMPTY_BODY = YES;
				CLANG_WARN_ENUM_CONVERSION = YES;
				CLANG_WARN_INFINITE_RECURSION = YES;
				CLANG_WARN_INT_CONVERSION = YES;
				CLANG_WARN_NON_LITERAL_NULL_CONVERSION = YES;
				CLANG_WARN_OBJC_LITERAL_CONVERSION = YES;
				CLANG_WARN_OBJC_ROOT_CLASS = YES_ERROR;
				CLANG_WARN_RANGE_LOOP_ANALYSIS = YES;
				CLANG_WARN_STRICT_PROTOTYPES = YES;
				CLANG_WARN_SUSPICIOUS_MOVE = YES;
				CLANG_WARN_UNGUARDED_AVAILABILITY = YES_AGGRESSIVE;
				CLANG_WARN_UNREACHABLE_CODE = YES;
				CLANG_WARN__DUPLICATE_METHOD_MATCH = YES;
				CODE_SIGN_IDENTITY = "iPhone Developer";
				COPY_PHASE_STRIP = NO;
				DEBUG_INFORMATION_FORMAT = dwarf;
				ENABLE_STRICT_OBJC_MSGSEND = YES;
				ENABLE_TESTABILITY = YES;
				GCC_C_LANGUAGE_STANDARD = gnu11;
				GCC_DYNAMIC_NO_PIC = NO;
				GCC_NO_COMMON_BLOCKS = YES;
				GCC_OPTIMIZATION_LEVEL = 0;
				GCC_PREPROCESSOR_DEFINITIONS = (
					"DEBUG=1",
					"$(inherited)",
				);
				GCC_WARN_64_TO_32_BIT_CONVERSION = YES;
				GCC_WARN_ABOUT_RETURN_TYPE = YES_ERROR;
				GCC_WARN_UNDECLARED_SELECTOR = YES;
				GCC_WARN_UNINITIALIZED_AUTOS = YES_AGGRESSIVE;
				GCC_WARN_UNUSED_FUNCTION = YES;
				GCC_WARN_UNUSED_VARIABLE = YES;
				IPHONEOS_DEPLOYMENT_TARGET = 11.2;
				MTL_ENABLE_DEBUG_INFO = YES;
				ONLY_ACTIVE_ARCH = YES;
				SDKROOT = iphoneos;
				SWIFT_ACTIVE_COMPILATION_CONDITIONS = DEBUG;
				SWIFT_OPTIMIZATION_LEVEL = "-Onone";
			};
			name = Debug;
		};
		9753C6B2201A50D10065AE75 /* Release */ = {
			isa = XCBuildConfiguration;
			buildSettings = {
				ALWAYS_SEARCH_USER_PATHS = NO;
				CLANG_ANALYZER_NONNULL = YES;
				CLANG_ANALYZER_NUMBER_OBJECT_CONVERSION = YES_AGGRESSIVE;
				CLANG_CXX_LANGUAGE_STANDARD = "gnu++14";
				CLANG_CXX_LIBRARY = "libc++";
				CLANG_ENABLE_MODULES = YES;
				CLANG_ENABLE_OBJC_ARC = YES;
				CLANG_WARN_BLOCK_CAPTURE_AUTORELEASING = YES;
				CLANG_WARN_BOOL_CONVERSION = YES;
				CLANG_WARN_COMMA = YES;
				CLANG_WARN_CONSTANT_CONVERSION = YES;
				CLANG_WARN_DIRECT_OBJC_ISA_USAGE = YES_ERROR;
				CLANG_WARN_DOCUMENTATION_COMMENTS = YES;
				CLANG_WARN_EMPTY_BODY = YES;
				CLANG_WARN_ENUM_CONVERSION = YES;
				CLANG_WARN_INFINITE_RECURSION = YES;
				CLANG_WARN_INT_CONVERSION = YES;
				CLANG_WARN_NON_LITERAL_NULL_CONVERSION = YES;
				CLANG_WARN_OBJC_LITERAL_CONVERSION = YES;
				CLANG_WARN_OBJC_ROOT_CLASS = YES_ERROR;
				CLANG_WARN_RANGE_LOOP_ANALYSIS = YES;
				CLANG_WARN_STRICT_PROTOTYPES = YES;
				CLANG_WARN_SUSPICIOUS_MOVE = YES;
				CLANG_WARN_UNGUARDED_AVAILABILITY = YES_AGGRESSIVE;
				CLANG_WARN_UNREACHABLE_CODE = YES;
				CLANG_WARN__DUPLICATE_METHOD_MATCH = YES;
				CODE_SIGN_IDENTITY = "iPhone Developer";
				COPY_PHASE_STRIP = NO;
				DEBUG_INFORMATION_FORMAT = "dwarf-with-dsym";
				ENABLE_NS_ASSERTIONS = NO;
				ENABLE_STRICT_OBJC_MSGSEND = YES;
				GCC_C_LANGUAGE_STANDARD = gnu11;
				GCC_NO_COMMON_BLOCKS = YES;
				GCC_WARN_64_TO_32_BIT_CONVERSION = YES;
				GCC_WARN_ABOUT_RETURN_TYPE = YES_ERROR;
				GCC_WARN_UNDECLARED_SELECTOR = YES;
				GCC_WARN_UNINITIALIZED_AUTOS = YES_AGGRESSIVE;
				GCC_WARN_UNUSED_FUNCTION = YES;
				GCC_WARN_UNUSED_VARIABLE = YES;
				IPHONEOS_DEPLOYMENT_TARGET = 11.2;
				MTL_ENABLE_DEBUG_INFO = NO;
				SDKROOT = iphoneos;
				SWIFT_OPTIMIZATION_LEVEL = "-Owholemodule";
				VALIDATE_PRODUCT = YES;
			};
			name = Release;
		};
		9753C6B4201A50D10065AE75 /* Debug */ = {
			isa = XCBuildConfiguration;
			buildSettings = {
				ASSETCATALOG_COMPILER_APPICON_NAME = AppIcon;
				CODE_SIGN_STYLE = Automatic;
				DEVELOPMENT_TEAM = R9E84DX62H;
				INFOPLIST_FILE = AutoLayoutBasics/Info.plist;
				LD_RUNPATH_SEARCH_PATHS = "$(inherited) @executable_path/Frameworks";
				PRODUCT_BUNDLE_IDENTIFIER = com.teamtreehouse.AutoLayoutBasics;
				PRODUCT_NAME = "$(TARGET_NAME)";
				SWIFT_VERSION = 4.0;
				TARGETED_DEVICE_FAMILY = "1,2";
			};
			name = Debug;
		};
		9753C6B5201A50D10065AE75 /* Release */ = {
			isa = XCBuildConfiguration;
			buildSettings = {
				ASSETCATALOG_COMPILER_APPICON_NAME = AppIcon;
				CODE_SIGN_STYLE = Automatic;
				DEVELOPMENT_TEAM = R9E84DX62H;
				INFOPLIST_FILE = AutoLayoutBasics/Info.plist;
				LD_RUNPATH_SEARCH_PATHS = "$(inherited) @executable_path/Frameworks";
				PRODUCT_BUNDLE_IDENTIFIER = com.teamtreehouse.AutoLayoutBasics;
				PRODUCT_NAME = "$(TARGET_NAME)";
				SWIFT_VERSION = 4.0;
				TARGETED_DEVICE_FAMILY = "1,2";
			};
			name = Release;
		};
/* End XCBuildConfiguration section */

/* Begin XCConfigurationList section */
		9753C69C201A50D10065AE75 /* Build configuration list for PBXProject "AutoLayoutBasics" */ = {
			isa = XCConfigurationList;
			buildConfigurations = (
				9753C6B1201A50D10065AE75 /* Debug */,
				9753C6B2201A50D10065AE75 /* Release */,
			);
			defaultConfigurationIsVisible = 0;
			defaultConfigurationName = Release;
		};
		9753C6B3201A50D10065AE75 /* Build configuration list for PBXNativeTarget "AutoLayoutBasics" */ = {
			isa = XCConfigurationList;
			buildConfigurations = (
				9753C6B4201A50D10065AE75 /* Debug */,
				9753C6B5201A50D10065AE75 /* Release */,
			);
			defaultConfigurationIsVisible = 0;
			defaultConfigurationName = Release;
		};
/* End XCConfigurationList section */
	};
	rootObject = 9753C699201A50D10065AE75 /* Project object */;
}
